
Microsoft Visual Studio Solution File, Format Version 12.00
# Visual Studio Version 16
VisualStudioVersion = 16.0.32510.428
MinimumVisualStudioVersion = 10.0.40219.1
Project("{9A19103F-16F7-4668-BE54-9A1E7A4F7556}") = "Vivino Android App", "Vivino Android App\Vivino Android App.csproj", "{215165C5-84BF-40A2-B3F1-4FB2816A8AC7}"
EndProject
Global
	GlobalSection(SolutionConfigurationPlatforms) = preSolution
		Debug|Any CPU = Debug|Any CPU
		Release|Any CPU = Release|Any CPU
	EndGlobalSection
	GlobalSection(ProjectConfigurationPlatforms) = postSolution
		{215165C5-84BF-40A2-B3F1-4FB2816A8AC7}.Debug|Any CPU.ActiveCfg = Debug|Any CPU
		{215165C5-84BF-40A2-B3F1-4FB2816A8AC7}.Debug|Any CPU.Build.0 = Debug|Any CPU
		{215165C5-84BF-40A2-B3F1-4FB2816A8AC7}.Release|Any CPU.ActiveCfg = Release|Any CPU
		{215165C5-84BF-40A2-B3F1-4FB2816A8AC7}.Release|Any CPU.Build.0 = Release|Any CPU
	EndGlobalSection
	GlobalSection(SolutionProperties) = preSolution
		HideSolutionNode = FALSE
	EndGlobalSection
	GlobalSection(ExtensibilityGlobals) = postSolution
		SolutionGuid = {40B55992-E1E1-430B-A805-8C9B3329D159}
	EndGlobalSection
EndGlobal
