
Microsoft Visual Studio Solution File, Format Version 12.00
# Visual Studio Version 17
VisualStudioVersion = 17.2.32516.85
MinimumVisualStudioVersion = 10.0.40219.1
Project("{9A19103F-16F7-4668-BE54-9A1E7A4F7556}") = "Student RegistryAppTest", "Student RegistryApp\Student RegistryAppTest.csproj", "{FF3E7B67-D68D-414A-9B03-AEE359EEAF0C}"
EndProject
Global
	GlobalSection(SolutionConfigurationPlatforms) = preSolution
		Debug|Any CPU = Debug|Any CPU
		Release|Any CPU = Release|Any CPU
	EndGlobalSection
	GlobalSection(ProjectConfigurationPlatforms) = postSolution
		{FF3E7B67-D68D-414A-9B03-AEE359EEAF0C}.Debug|Any CPU.ActiveCfg = Debug|Any CPU
		{FF3E7B67-D68D-414A-9B03-AEE359EEAF0C}.Debug|Any CPU.Build.0 = Debug|Any CPU
		{FF3E7B67-D68D-414A-9B03-AEE359EEAF0C}.Release|Any CPU.ActiveCfg = Release|Any CPU
		{FF3E7B67-D68D-414A-9B03-AEE359EEAF0C}.Release|Any CPU.Build.0 = Release|Any CPU
	EndGlobalSection
	GlobalSection(SolutionProperties) = preSolution
		HideSolutionNode = FALSE
	EndGlobalSection
	GlobalSection(ExtensibilityGlobals) = postSolution
		SolutionGuid = {8A2D4DB9-898C-4DA9-83F6-92653DAB0C0C}
	EndGlobalSection
EndGlobal
