
Microsoft Visual Studio Solution File, Format Version 12.00
# Visual Studio Version 17
VisualStudioVersion = 17.2.32516.85
MinimumVisualStudioVersion = 10.0.40219.1
Project("{9A19103F-16F7-4668-BE54-9A1E7A4F7556}") = "URL Shortener", "URL Shortener\URL Shortener.csproj", "{BB7B14CB-2DFB-4B5E-ABE9-E505E217206C}"
EndProject
Global
	GlobalSection(SolutionConfigurationPlatforms) = preSolution
		Debug|Any CPU = Debug|Any CPU
		Release|Any CPU = Release|Any CPU
	EndGlobalSection
	GlobalSection(ProjectConfigurationPlatforms) = postSolution
		{BB7B14CB-2DFB-4B5E-ABE9-E505E217206C}.Debug|Any CPU.ActiveCfg = Debug|Any CPU
		{BB7B14CB-2DFB-4B5E-ABE9-E505E217206C}.Debug|Any CPU.Build.0 = Debug|Any CPU
		{BB7B14CB-2DFB-4B5E-ABE9-E505E217206C}.Release|Any CPU.ActiveCfg = Release|Any CPU
		{BB7B14CB-2DFB-4B5E-ABE9-E505E217206C}.Release|Any CPU.Build.0 = Release|Any CPU
	EndGlobalSection
	GlobalSection(SolutionProperties) = preSolution
		HideSolutionNode = FALSE
	EndGlobalSection
	GlobalSection(ExtensibilityGlobals) = postSolution
		SolutionGuid = {2CC2C414-95A3-4283-931E-D6FB1CFC90D3}
	EndGlobalSection
EndGlobal
